
Microsoft Visual Studio Solution File, Format Version 12.00
# Visual Studio Version 16
VisualStudioVersion = 16.0.31005.135
MinimumVisualStudioVersion = 10.0.40219.1
Project("{FAE04EC0-301F-11D3-BF4B-00C04F79EFBC}") = "12a", "12a.csproj", "{A54939F5-44C5-4C10-A3F8-468DEE476B87}"
EndProject
Global
	GlobalSection(SolutionConfigurationPlatforms) = preSolution
		Debug|Any CPU = Debug|Any CPU
		Release|Any CPU = Release|Any CPU
	EndGlobalSection
	GlobalSection(ProjectConfigurationPlatforms) = postSolution
		{A54939F5-44C5-4C10-A3F8-468DEE476B87}.Debug|Any CPU.ActiveCfg = Debug|Any CPU
		{A54939F5-44C5-4C10-A3F8-468DEE476B87}.Debug|Any CPU.Build.0 = Debug|Any CPU
		{A54939F5-44C5-4C10-A3F8-468DEE476B87}.Release|Any CPU.ActiveCfg = Release|Any CPU
		{A54939F5-44C5-4C10-A3F8-468DEE476B87}.Release|Any CPU.Build.0 = Release|Any CPU
	EndGlobalSection
	GlobalSection(SolutionProperties) = preSolution
		HideSolutionNode = FALSE
	EndGlobalSection
	GlobalSection(ExtensibilityGlobals) = postSolution
		SolutionGuid = {8AA9ED6F-EEF2-4C4D-9610-6475467EF7C7}
	EndGlobalSection
EndGlobal
